# This file is autogenerated, do not edit; changes may be undone by the next 'dep ensure'.


[[projects]]
  name = "cloud.google.com/go"
  packages = ["compute/metadata"]
  revision = "767c40d6a2e058483c25fa193e963a22da17236d"
  version = "v0.18.0"

[[projects]]
  name = "github.com/blevesearch/bleve"
  packages = [
    ".",
    "analysis",
    "analysis/analyzers/standard_analyzer",
    "analysis/datetime_parsers/datetime_optional",
    "analysis/datetime_parsers/flexible_go",
    "analysis/language/en",
    "analysis/token_filters/lower_case_filter",
    "analysis/token_filters/porter",
    "analysis/token_filters/stop_tokens_filter",
    "analysis/tokenizers/unicode",
    "document",
    "index",
    "index/store",
    "index/store/boltdb",
    "index/store/gtreap",
    "index/upside_down",
    "numeric_util",
    "registry",
    "search",
    "search/collectors",
    "search/facets",
    "search/highlight",
    "search/highlight/fragment_formatters/html",
    "search/highlight/fragmenters/simple",
    "search/highlight/highlighters/html",
    "search/highlight/highlighters/simple",
    "search/scorers",
    "search/searchers"
  ]
  revision = "97393d027342f43b17da2f02c090a4e728ac929f"
  version = "v0.5.0"

[[projects]]
  name = "github.com/blevesearch/go-porterstemmer"
  packages = ["."]
  revision = "b4dd94e38f29620fe0f97ae4b0f6994b0d5d75f0"
  version = "v1.0.1"

[[projects]]
  branch = "master"
  name = "github.com/blevesearch/segment"
  packages = ["."]
  revision = "762005e7a34fd909a84586299f1dd457371d36ee"

[[projects]]
  name = "github.com/boltdb/bolt"
  packages = ["."]
  revision = "2f1ce7a837dcb8da3ec595b1dac9d0632f0f99e8"
  version = "v1.3.1"

[[projects]]
  name = "github.com/braintree/manners"
  packages = ["."]
  revision = "0b5e6b2c2843f4c83c2a40f96980b09cf4af733c"
  version = "0.4.0"

[[projects]]
  name = "github.com/davecgh/go-spew"
  packages = ["spew"]
  revision = "346938d642f2ec3594ed81d874461961cd0faa76"
  version = "v1.1.0"

[[projects]]
  branch = "master"
  name = "github.com/dustin/go-humanize"
  packages = ["."]
  revision = "bb3d318650d48840a39aa21a027c6630e198e626"

[[projects]]
  name = "github.com/eclipse/paho.mqtt.golang"
  packages = [
    ".",
    "packets"
  ]
  revision = "aff15770515e3c57fc6109da73d42b0d46f7f483"
  version = "v1.1.0"

[[projects]]
  branch = "master"
  name = "github.com/gin-contrib/sse"
  packages = ["."]
  revision = "22d885f9ecc78bf4ee5d72b937e4bbcdc58e8cae"

[[projects]]
  name = "github.com/gin-gonic/gin"
  packages = [
    ".",
    "binding",
    "render"
  ]
  revision = "d459835d2b077e44f7c9b453505ee29881d5d12d"
  version = "v1.2"

[[projects]]
  branch = "master"
  name = "github.com/gocql/gocql"
  packages = [
    ".",
    "internal/lru",
    "internal/murmur",
    "internal/streams"
  ]
  revision = "1303a32993a1242a6fb58dc497a3b8a54ffd257d"

[[projects]]
  name = "github.com/golang/protobuf"
  packages = ["proto"]
  revision = "925541529c1fa6821df4e44ce2723319eb2be768"
  version = "v1.0.0"

[[projects]]
  branch = "master"
  name = "github.com/golang/snappy"
  packages = ["."]
  revision = "553a641470496b2327abcac10b36396bd98e45c9"

[[projects]]
  branch = "master"
  name = "github.com/growse/concurrent-expiring-map"
  packages = ["."]
  revision = "25cb195ed6aefb0e6aa7fa02388939a907f6ba36"

[[projects]]
  branch = "master"
  name = "github.com/hailocab/go-hostpool"
  packages = ["."]
  revision = "e80d13ce29ede4452c43dea11e79b9bc8a15b478"

[[projects]]
  branch = "master"
  name = "github.com/kpawlik/geojson"
  packages = ["."]
  revision = "1a4f120c6b41bf523f825519ef8c25a50d1c9628"

[[projects]]
  branch = "master"
  name = "github.com/lib/pq"
  packages = [
    ".",
    "oid"
  ]
  revision = "88edab0803230a3898347e77b474f8c1820a1f20"

[[projects]]
  name = "github.com/mailgun/mailgun-go"
  packages = ["."]
  revision = "a4002e2df2e8ca2da6a6fbb4a72871b504e49f50"
  version = "v1.1.0"

[[projects]]
  name = "github.com/mattn/go-isatty"
  packages = ["."]
  revision = "0360b2af4f38e8d38c7fce2a9f4e702702d73a39"
  version = "v0.0.3"

[[projects]]
  branch = "master"
  name = "github.com/mschoch/blackfriday-text"
  packages = ["."]
  revision = "f4ea365e801b9d91b76da776f785a80e5ddf9a36"

[[projects]]
  branch = "master"
  name = "github.com/oxtoacart/bpool"
  packages = ["."]
  revision = "4e1c5567d7c2dd59fa4c7c83d34c2f3528b025d6"

[[projects]]
  name = "github.com/pkg/errors"
  packages = ["."]
  revision = "645ef00459ed84a119197bfb8d8205042c6df63d"
  version = "v0.8.0"

[[projects]]
  name = "github.com/pmezard/go-difflib"
  packages = ["difflib"]
  revision = "792786c7400a136282c1664665ae0a8db921c6c2"
  version = "v1.0.0"

[[projects]]
  name = "github.com/russross/blackfriday"
  packages = ["."]
  revision = "4048872b16cc0fc2c5fd9eacf0ed2c2fedaa0c8c"
  version = "v1.5"

[[projects]]
  branch = "master"
  name = "github.com/steveyen/gtreap"
  packages = ["."]
  revision = "0abe01ef9be25c4aedc174758ec2d917314d6d70"

[[projects]]
  name = "github.com/stretchr/testify"
  packages = ["assert"]
  revision = "12b6f73e6084dad08a7c6e575284b177ecafbc71"
  version = "v1.2.1"

[[projects]]
  branch = "master"
  name = "github.com/tanel/dbmigrate"
  packages = ["."]
  revision = "392e09648e1f5d8f0e757c38a799e0e4945e7222"

[[projects]]
  name = "github.com/ugorji/go"
  packages = ["codec"]
  revision = "9831f2c3ac1068a78f50999a30db84270f647af6"
  version = "v1.1"

[[projects]]
  branch = "master"
  name = "golang.org/x/net"
  packages = [
    "context",
    "context/ctxhttp",
    "proxy",
    "websocket"
  ]
  revision = "2fb46b16b8dda405028c50f7c7f0f9dd1fa6bfb1"

[[projects]]
  branch = "master"
  name = "golang.org/x/oauth2"
  packages = [
    ".",
    "google",
    "internal",
    "jws",
    "jwt"
  ]
  revision = "a032972e28060ca4f5644acffae3dfc268cc09db"

[[projects]]
  branch = "master"
  name = "golang.org/x/sys"
  packages = ["unix"]
  revision = "37707fdb30a5b38865cfb95e5aab41707daec7fd"

[[projects]]
  name = "google.golang.org/appengine"
  packages = [
    ".",
    "internal",
    "internal/app_identity",
    "internal/base",
    "internal/datastore",
    "internal/log",
    "internal/modules",
    "internal/remote_api",
    "internal/urlfetch",
    "urlfetch"
  ]
  revision = "150dc57a1b433e64154302bdc40b6bb8aefa313a"
  version = "v1.0.0"

[[projects]]
  name = "gopkg.in/go-playground/validator.v8"
  packages = ["."]
  revision = "5f1438d3fca68893a817e4a66806cea46a9e4ebf"
  version = "v8.18.2"

[[projects]]
  name = "gopkg.in/inf.v0"
  packages = ["."]
  revision = "3887ee99ecf07df5b447e9b00d9c0b2adaa9f3e4"
  version = "v0.9.0"

[[projects]]
  branch = "v2"
  name = "gopkg.in/yaml.v2"
  packages = ["."]
  revision = "d670f9405373e636a5a2765eea47fac0c9bc91a4"

[solve-meta]
  analyzer-name = "dep"
  analyzer-version = 1
  inputs-digest = "7173f29cd2e5208acf1d82d7f3c5bd7bcb0349b376dfa4fdb68f7ccdaa431eab"
  solver-name = "gps-cdcl"
  solver-version = 1
